Microsoft Visual Studio Solution File, Format Version 12.00
# Visual Studio Version 17
VisualStudioVersion = 17.5.2.0
MinimumVisualStudioVersion = 10.0.40219.1
Project("{FAE04EC0-301F-11D3-BF4B-00C04F79EFBC}") = "audio-transcriber", "audio-transcriber.csproj", "{7D52979F-1386-F8D2-17BF-3E27CACE2883}"
EndProject
Global
	GlobalSection(SolutionConfigurationPlatforms) = preSolution
		Debug|Any CPU = Debug|Any CPU
		Release|Any CPU = Release|Any CPU
	EndGlobalSection
	GlobalSection(ProjectConfigurationPlatforms) = postSolution
		{7D52979F-1386-F8D2-17BF-3E27CACE2883}.Debug|Any CPU.ActiveCfg = Debug|Any CPU
		{7D52979F-1386-F8D2-17BF-3E27CACE2883}.Debug|Any CPU.Build.0 = Debug|Any CPU
		{7D52979F-1386-F8D2-17BF-3E27CACE2883}.Release|Any CPU.ActiveCfg = Release|Any CPU
		{7D52979F-1386-F8D2-17BF-3E27CACE2883}.Release|Any CPU.Build.0 = Release|Any CPU
	EndGlobalSection
	GlobalSection(SolutionProperties) = preSolution
		HideSolutionNode = FALSE
	EndGlobalSection
	GlobalSection(ExtensibilityGlobals) = postSolution
		SolutionGuid = {C4200A10-8FB2-4E6D-891A-755B1C44DB57}
	EndGlobalSection
EndGlobal
